
Microsoft Visual Studio Solution File, Format Version 12.00
# Visual Studio Version 17
VisualStudioVersion = 17.0.32014.148
MinimumVisualStudioVersion = 10.0.40219.1
Project("{FAE04EC0-301F-11D3-BF4B-00C04F79EFBC}") = "ProductCrud", "ProductCrud\ProductCrud.csproj", "{5B9D7D9C-D4EA-4118-A025-D2DA15113922}"
EndProject
Global
	GlobalSection(SolutionConfigurationPlatforms) = preSolution
		Debug|Any CPU = Debug|Any CPU
		Release|Any CPU = Release|Any CPU
	EndGlobalSection
	GlobalSection(ProjectConfigurationPlatforms) = postSolution
		{5B9D7D9C-D4EA-4118-A025-D2DA15113922}.Debug|Any CPU.ActiveCfg = Debug|Any CPU
		{5B9D7D9C-D4EA-4118-A025-D2DA15113922}.Debug|Any CPU.Build.0 = Debug|Any CPU
		{5B9D7D9C-D4EA-4118-A025-D2DA15113922}.Release|Any CPU.ActiveCfg = Release|Any CPU
		{5B9D7D9C-D4EA-4118-A025-D2DA15113922}.Release|Any CPU.Build.0 = Release|Any CPU
	EndGlobalSection
	GlobalSection(SolutionProperties) = preSolution
		HideSolutionNode = FALSE
	EndGlobalSection
	GlobalSection(ExtensibilityGlobals) = postSolution
		SolutionGuid = {6D267D8A-17D4-4ABB-B80A-0281DF6E46C9}
	EndGlobalSection
EndGlobal
